
Microsoft Visual Studio Solution File, Format Version 12.00
# Visual Studio Version 17
VisualStudioVersion = 17.6.33723.286
MinimumVisualStudioVersion = 10.0.40219.1
Project("{9A19103F-16F7-4668-BE54-9A1E7A4F7556}") = "Alice", "Alice.csproj", "{381C32FF-5BB6-4B88-8464-FE97BF51D325}"
EndProject
Global
	GlobalSection(SolutionConfigurationPlatforms) = preSolution
		Debug|Any CPU = Debug|Any CPU
		Release|Any CPU = Release|Any CPU
	EndGlobalSection
	GlobalSection(ProjectConfigurationPlatforms) = postSolution
		{381C32FF-5BB6-4B88-8464-FE97BF51D325}.Debug|Any CPU.ActiveCfg = Debug|Any CPU
		{381C32FF-5BB6-4B88-8464-FE97BF51D325}.Debug|Any CPU.Build.0 = Debug|Any CPU
		{381C32FF-5BB6-4B88-8464-FE97BF51D325}.Release|Any CPU.ActiveCfg = Release|Any CPU
		{381C32FF-5BB6-4B88-8464-FE97BF51D325}.Release|Any CPU.Build.0 = Release|Any CPU
	EndGlobalSection
	GlobalSection(SolutionProperties) = preSolution
		HideSolutionNode = FALSE
	EndGlobalSection
	GlobalSection(ExtensibilityGlobals) = postSolution
		SolutionGuid = {5571F45E-7A39-49C5-B1A5-79F6AC9D690A}
	EndGlobalSection
EndGlobal
